
Microsoft Visual Studio Solution File, Format Version 12.00
# Visual Studio 15
VisualStudioVersion = 15.0.28307.421
MinimumVisualStudioVersion = 10.0.40219.1
Project("{FAE04EC0-301F-11D3-BF4B-00C04F79EFBC}") = "VendasConsole", "VendasConsole\VendasConsole.csproj", "{47F5893C-E08C-4E90-A69A-6CC02242537A}"
EndProject
Global
	GlobalSection(SolutionConfigurationPlatforms) = preSolution
		Debug|Any CPU = Debug|Any CPU
		Release|Any CPU = Release|Any CPU
	EndGlobalSection
	GlobalSection(ProjectConfigurationPlatforms) = postSolution
		{47F5893C-E08C-4E90-A69A-6CC02242537A}.Debug|Any CPU.ActiveCfg = Debug|Any CPU
		{47F5893C-E08C-4E90-A69A-6CC02242537A}.Debug|Any CPU.Build.0 = Debug|Any CPU
		{47F5893C-E08C-4E90-A69A-6CC02242537A}.Release|Any CPU.ActiveCfg = Release|Any CPU
		{47F5893C-E08C-4E90-A69A-6CC02242537A}.Release|Any CPU.Build.0 = Release|Any CPU
	EndGlobalSection
	GlobalSection(SolutionProperties) = preSolution
		HideSolutionNode = FALSE
	EndGlobalSection
	GlobalSection(ExtensibilityGlobals) = postSolution
		SolutionGuid = {CC56BE4E-C39C-4934-A315-164AE19BB623}
	EndGlobalSection
EndGlobal
